
Microsoft Visual Studio Solution File, Format Version 12.00
# Visual Studio Version 16
VisualStudioVersion = 16.0.31702.278
MinimumVisualStudioVersion = 10.0.40219.1
Project("{F184B08F-C81C-45F6-A57F-5ABD9991F28F}") = "1 - Primeira Classe", "1 - Primeira Classe\1 - Primeira Classe.vbproj", "{F92309B8-9A3A-4C29-BD0F-F96D3CE94D26}"
EndProject
Global
	GlobalSection(SolutionConfigurationPlatforms) = preSolution
		Debug|Any CPU = Debug|Any CPU
		Release|Any CPU = Release|Any CPU
	EndGlobalSection
	GlobalSection(ProjectConfigurationPlatforms) = postSolution
		{F92309B8-9A3A-4C29-BD0F-F96D3CE94D26}.Debug|Any CPU.ActiveCfg = Debug|Any CPU
		{F92309B8-9A3A-4C29-BD0F-F96D3CE94D26}.Debug|Any CPU.Build.0 = Debug|Any CPU
		{F92309B8-9A3A-4C29-BD0F-F96D3CE94D26}.Release|Any CPU.ActiveCfg = Release|Any CPU
		{F92309B8-9A3A-4C29-BD0F-F96D3CE94D26}.Release|Any CPU.Build.0 = Release|Any CPU
	EndGlobalSection
	GlobalSection(SolutionProperties) = preSolution
		HideSolutionNode = FALSE
	EndGlobalSection
	GlobalSection(ExtensibilityGlobals) = postSolution
		SolutionGuid = {5DFB0805-904F-403D-AC08-A225F3FDA1B1}
	EndGlobalSection
EndGlobal
